<?xml version="1.0" encoding="UTF-8" standalone="yes" ?>
<CodeBlocks_project_file>
	<FileVersion major="1" minor="6" />
	<Project>
		<Option title="Prismatic-Afrika" />
		<Option pch_mode="2" />
		<Option compiler="gcc" />
		<Build>
			<Target title="Debug">
				<Option output="bin/Debug/Prismatic-Afrika" prefix_auto="1" extension_auto="1" />
				<Option working_dir="bin/Debug/" />
				<Option object_output="obj/Debug/" />
				<Option type="1" />
				<Option compiler="gcc" />
				<Compiler>
					<Add option="-g" />
					<Add option="-DUNIX" />
					<Add option="-DGLX_GLXEXT_LEGACY" />
					<Add option="-DLINUX" />
					<Add directory="OpenNI2/Include" />
					<Add directory="OpenNI2/ThirdParty/PSCommon/XnLib/Include" />
					<Add directory="NiTE-2.0.0/Include" />
					<Add directory="OpenNI2/Source/Drivers/OniFile/Formats" />
					<Add directory="OpenNI2/Source/Drivers/PS1080/Include" />
					<Add directory="OpenNI2/Source/Drivers/PS1080" />
					<Add directory="OpenNI2/Source/DepthUtils" />
					<Add directory="OpenNI2/Source/Drivers/PSLink" />
					<Add directory="OpenNI2/Source/Drivers/PSLink/LinkProtoLib" />
					<Add directory="OpenNI2/Source/Drivers/PSLink/Protocols/XnLinkProto" />
					<Add directory="$(JAVA_HOME)/../include" />
					<Add directory="$(JAVA_HOME)/../include/linux" />
				</Compiler>
				<Linker>
					<Add library="GL" />
					<Add library="glut" />
					<Add library="OpenNI2" />
					<Add library="NiTE2" />
					<Add directory="OpenNI2/Bin/x64-Release" />
					<Add directory="NiTE-2.0.0/Redist" />
				</Linker>
				<ExtraCommands>
					<Add after="cp -f $(PROJECT_DIR)/NiTE.ini $(PROJECT_DIR)/bin/Debug/" />
					<Add after="chmod 644 $(PROJECT_DIR)/bin/Debug/NiTE.ini" />
					<Mode after="always" />
				</ExtraCommands>
				<Environment>
					<Variable name="__cplusplus" value="" />
				</Environment>
			</Target>
			<Target title="Release">
				<Option output="bin/Release/Prismatic-Afrika" prefix_auto="1" extension_auto="1" />
				<Option object_output="obj/Release/" />
				<Option type="0" />
				<Option compiler="gcc" />
				<Compiler>
					<Add option="-O2" />
				</Compiler>
				<Linker>
					<Add option="-s" />
				</Linker>
			</Target>
		</Build>
		<Compiler>
			<Add option="-Wall" />
		</Compiler>
		<Linker>
			<Add library="GL" />
			<Add library="X11" />
		</Linker>
		<Unit filename="BeatDetect.cpp" />
		<Unit filename="BeatDetect.h" />
		<Unit filename="Common.h" />
		<Unit filename="NiTE.ini" />
		<Unit filename="PCM.cpp" />
		<Unit filename="PCM.h" />
		<Unit filename="Viewer.cpp" />
		<Unit filename="Viewer.h" />
		<Unit filename="dlldefs.h" />
		<Unit filename="fftsg.cpp" />
		<Unit filename="fftsg.h" />
		<Unit filename="main.cpp" />
		<Unit filename="wipemalloc.cpp" />
		<Unit filename="wipemalloc.h" />
		<Extensions>
			<code_completion />
			<debugger />
		</Extensions>
	</Project>
</CodeBlocks_project_file>
