<?xml version="1.0" encoding="UTF-8" standalone="yes" ?>
<CodeBlocks_project_file>
	<FileVersion major="1" minor="6" />
	<Project>
		<Option title="Prismatic-Afrika" />
		<Option pch_mode="2" />
		<Option compiler="gcc" />
		<Build>
			<Target title="Debug">
				<Option output="bin/Debug/Prismatic-Afrika" prefix_auto="1" extension_auto="1" />
				<Option object_output="obj/Debug/" />
				<Option type="1" />
				<Option compiler="gcc" />
				<Compiler>
					<Add option="-g" />
					<Add option="-DUNIX" />
					<Add option="-DGLX_GLXEXT_LEGACY" />
					<Add directory="OpenNI2/Include" />
					<Add directory="OpenNI2/ThirdParty/PSCommon/XnLib/Include" />
					<Add directory="NiTE-2.0.0/Include" />
					<Add directory="OpenNI2/Source/Drivers/OniFile/Formats" />
					<Add directory="OpenNI2/Source/Drivers/PS1080/Include" />
					<Add directory="OpenNI2/Source/Drivers/PS1080" />
					<Add directory="OpenNI2/Source/DepthUtils" />
					<Add directory="OpenNI2/Source/Drivers/PSLink" />
					<Add directory="OpenNI2/Source/Drivers/PSLink/LinkProtoLib" />
					<Add directory="OpenNI2/Source/Drivers/PSLink/Protocols/XnLinkProto" />
					<Add directory="$(JAVA_HOME)/../include" />
					<Add directory="$(JAVA_HOME)/../include/linux" />
				</Compiler>
				<Linker>
					<Add library="GL" />
					<Add library="glut" />
					<Add library="OpenNI1" />
					<Add library="NiTE2" />
				</Linker>
				<Environment>
					<Variable name="__cplusplus" value="" />
				</Environment>
			</Target>
			<Target title="Release">
				<Option output="bin/Release/Prismatic-Afrika" prefix_auto="1" extension_auto="1" />
				<Option object_output="obj/Release/" />
				<Option type="0" />
				<Option compiler="gcc" />
				<Compiler>
					<Add option="-O2" />
				</Compiler>
				<Linker>
					<Add option="-s" />
				</Linker>
			</Target>
		</Build>
		<Compiler>
			<Add option="-Wall" />
		</Compiler>
		<Linker>
			<Add library="GL" />
			<Add library="X11" />
		</Linker>
		<Unit filename="NiTE-2.0.0/Include/NiTE.h" />
		<Unit filename="NiTE-2.0.0/Include/NiteCAPI.h" />
		<Unit filename="NiTE-2.0.0/Include/NiteCEnums.h" />
		<Unit filename="NiTE-2.0.0/Include/NiteCTypes.h" />
		<Unit filename="NiTE-2.0.0/Include/NiteEnums.h" />
		<Unit filename="NiTE-2.0.0/Include/NiteVersion.h" />
		<Unit filename="NiTE-2.0.0/Samples/HandViewer/Viewer.cpp" />
		<Unit filename="NiTE-2.0.0/Samples/HandViewer/main.cpp" />
		<Unit filename="NiTE-2.0.0/Samples/SimpleHandTracker/main.cpp" />
		<Unit filename="NiTE-2.0.0/Samples/SimpleUserTracker/main.cpp" />
		<Unit filename="NiTE-2.0.0/Samples/UserViewer/Viewer.cpp" />
		<Unit filename="NiTE-2.0.0/Samples/UserViewer/main.cpp" />
		<Unit filename="OpenNI2/Include/Android-Arm/OniPlatformAndroid-Arm.h" />
		<Unit filename="OpenNI2/Include/Driver/OniDriverAPI.h" />
		<Unit filename="OpenNI2/Include/Driver/OniDriverTypes.h" />
		<Unit filename="OpenNI2/Include/Linux-Arm/OniPlatformLinux-Arm.h" />
		<Unit filename="OpenNI2/Include/Linux-x86/OniPlatformLinux-x86.h" />
		<Unit filename="OpenNI2/Include/MacOSX/OniPlatformMacOSX.h" />
		<Unit filename="OpenNI2/Include/OniCAPI.h" />
		<Unit filename="OpenNI2/Include/OniCEnums.h" />
		<Unit filename="OpenNI2/Include/OniCProperties.h" />
		<Unit filename="OpenNI2/Include/OniCTypes.h" />
		<Unit filename="OpenNI2/Include/OniEnums.h" />
		<Unit filename="OpenNI2/Include/OniPlatform.h" />
		<Unit filename="OpenNI2/Include/OniProperties.h" />
		<Unit filename="OpenNI2/Include/OniVersion.h" />
		<Unit filename="OpenNI2/Include/OpenNI.h" />
		<Unit filename="OpenNI2/Include/PS1080.h" />
		<Unit filename="OpenNI2/Include/PSLink.h" />
		<Unit filename="OpenNI2/Include/PrimeSense.h" />
		<Unit filename="OpenNI2/Include/Win32/OniPlatformWin32.h" />
		<Unit filename="OpenNI2/Source/Core/OniCommon.h" />
		<Unit filename="OpenNI2/Source/Core/OniContext.cpp" />
		<Unit filename="OpenNI2/Source/Core/OniContext.h" />
		<Unit filename="OpenNI2/Source/Core/OniDataRecords.cpp" />
		<Unit filename="OpenNI2/Source/Core/OniDataRecords.h" />
		<Unit filename="OpenNI2/Source/Core/OniDebug.h" />
		<Unit filename="OpenNI2/Source/Core/OniDevice.cpp" />
		<Unit filename="OpenNI2/Source/Core/OniDevice.h" />
		<Unit filename="OpenNI2/Source/Core/OniDeviceDriver.cpp" />
		<Unit filename="OpenNI2/Source/Core/OniDeviceDriver.h" />
		<Unit filename="OpenNI2/Source/Core/OniDriverHandler.cpp" />
		<Unit filename="OpenNI2/Source/Core/OniDriverHandler.h" />
		<Unit filename="OpenNI2/Source/Core/OniDriverServices.h" />
		<Unit filename="OpenNI2/Source/Core/OniFrameHolder.h" />
		<Unit filename="OpenNI2/Source/Core/OniFrameManager.cpp" />
		<Unit filename="OpenNI2/Source/Core/OniFrameManager.h" />
		<Unit filename="OpenNI2/Source/Core/OniInternal.h" />
		<Unit filename="OpenNI2/Source/Core/OniRecorder.cpp" />
		<Unit filename="OpenNI2/Source/Core/OniRecorder.h" />
		<Unit filename="OpenNI2/Source/Core/OniSensor.cpp" />
		<Unit filename="OpenNI2/Source/Core/OniSensor.h" />
		<Unit filename="OpenNI2/Source/Core/OniStream.cpp" />
		<Unit filename="OpenNI2/Source/Core/OniStream.h" />
		<Unit filename="OpenNI2/Source/Core/OniStreamFrameHolder.cpp" />
		<Unit filename="OpenNI2/Source/Core/OniStreamFrameHolder.h" />
		<Unit filename="OpenNI2/Source/Core/OniSyncedStreamsFrameHolder.cpp" />
		<Unit filename="OpenNI2/Source/Core/OniSyncedStreamsFrameHolder.h" />
		<Unit filename="OpenNI2/Source/Core/OpenNI.cpp" />
		<Unit filename="OpenNI2/Source/DepthUtils/DepthUtils.cpp" />
		<Unit filename="OpenNI2/Source/DepthUtils/DepthUtils.h" />
		<Unit filename="OpenNI2/Source/DepthUtils/DepthUtilsImpl.cpp" />
		<Unit filename="OpenNI2/Source/DepthUtils/DepthUtilsImpl.h" />
		<Unit filename="OpenNI2/Source/Drivers/DummyDevice/DummyDevice.cpp" />
		<Unit filename="OpenNI2/Source/Drivers/OniFile/DataRecords.cpp" />
		<Unit filename="OpenNI2/Source/Drivers/OniFile/DataRecords.h" />
		<Unit filename="OpenNI2/Source/Drivers/OniFile/Formats/Xn16zCodec.h" />
		<Unit filename="OpenNI2/Source/Drivers/OniFile/Formats/Xn16zEmbTablesCodec.h" />
		<Unit filename="OpenNI2/Source/Drivers/OniFile/Formats/Xn8zCodec.h" />
		<Unit filename="OpenNI2/Source/Drivers/OniFile/Formats/XnCodec.cpp" />
		<Unit filename="OpenNI2/Source/Drivers/OniFile/Formats/XnCodec.h" />
		<Unit filename="OpenNI2/Source/Drivers/OniFile/Formats/XnCodecBase.h" />
		<Unit filename="OpenNI2/Source/Drivers/OniFile/Formats/XnCodecIDs.h" />
		<Unit filename="OpenNI2/Source/Drivers/OniFile/Formats/XnJpegCodec.h" />
		<Unit filename="OpenNI2/Source/Drivers/OniFile/Formats/XnStreamCompression.cpp" />
		<Unit filename="OpenNI2/Source/Drivers/OniFile/Formats/XnStreamCompression.h" />
		<Unit filename="OpenNI2/Source/Drivers/OniFile/Formats/XnStreamFormats.h" />
		<Unit filename="OpenNI2/Source/Drivers/OniFile/Formats/XnUncompressedCodec.h" />
		<Unit filename="OpenNI2/Source/Drivers/OniFile/PlayerCodecFactory.cpp" />
		<Unit filename="OpenNI2/Source/Drivers/OniFile/PlayerCodecFactory.h" />
		<Unit filename="OpenNI2/Source/Drivers/OniFile/PlayerDevice.cpp" />
		<Unit filename="OpenNI2/Source/Drivers/OniFile/PlayerDevice.h" />
		<Unit filename="OpenNI2/Source/Drivers/OniFile/PlayerDriver.cpp" />
		<Unit filename="OpenNI2/Source/Drivers/OniFile/PlayerDriver.h" />
		<Unit filename="OpenNI2/Source/Drivers/OniFile/PlayerNode.cpp" />
		<Unit filename="OpenNI2/Source/Drivers/OniFile/PlayerNode.h" />
		<Unit filename="OpenNI2/Source/Drivers/OniFile/PlayerProperties.h" />
		<Unit filename="OpenNI2/Source/Drivers/OniFile/PlayerSource.cpp" />
		<Unit filename="OpenNI2/Source/Drivers/OniFile/PlayerSource.h" />
		<Unit filename="OpenNI2/Source/Drivers/OniFile/PlayerStream.cpp" />
		<Unit filename="OpenNI2/Source/Drivers/OniFile/PlayerStream.h" />
		<Unit filename="OpenNI2/Source/Drivers/OniFile/XnPlayerTypes.h" />
		<Unit filename="OpenNI2/Source/Drivers/OniFile/XnPropNames.h" />
		<Unit filename="OpenNI2/Source/Drivers/PS1080/Core/XnBuffer.cpp" />
		<Unit filename="OpenNI2/Source/Drivers/PS1080/Core/XnBuffer.h" />
		<Unit filename="OpenNI2/Source/Drivers/PS1080/Core/XnCore.cpp" />
		<Unit filename="OpenNI2/Source/Drivers/PS1080/Core/XnCoreGlobals.h" />
		<Unit filename="OpenNI2/Source/Drivers/PS1080/Core/XnCoreStatus.cpp" />
		<Unit filename="OpenNI2/Source/Drivers/PS1080/Core/XnIOFileStream.cpp" />
		<Unit filename="OpenNI2/Source/Drivers/PS1080/Core/XnIONetworkStream.cpp" />
		<Unit filename="OpenNI2/Source/Drivers/PS1080/DDK/XnActualGeneralProperty.cpp" />
		<Unit filename="OpenNI2/Source/Drivers/PS1080/DDK/XnActualGeneralProperty.h" />
		<Unit filename="OpenNI2/Source/Drivers/PS1080/DDK/XnActualIntProperty.cpp" />
		<Unit filename="OpenNI2/Source/Drivers/PS1080/DDK/XnActualIntProperty.h" />
		<Unit filename="OpenNI2/Source/Drivers/PS1080/DDK/XnActualPropertiesHash.cpp" />
		<Unit filename="OpenNI2/Source/Drivers/PS1080/DDK/XnActualPropertiesHash.h" />
		<Unit filename="OpenNI2/Source/Drivers/PS1080/DDK/XnActualRealProperty.cpp" />
		<Unit filename="OpenNI2/Source/Drivers/PS1080/DDK/XnActualRealProperty.h" />
		<Unit filename="OpenNI2/Source/Drivers/PS1080/DDK/XnActualStringProperty.cpp" />
		<Unit filename="OpenNI2/Source/Drivers/PS1080/DDK/XnActualStringProperty.h" />
		<Unit filename="OpenNI2/Source/Drivers/PS1080/DDK/XnAudioStream.cpp" />
		<Unit filename="OpenNI2/Source/Drivers/PS1080/DDK/XnAudioStream.h" />
		<Unit filename="OpenNI2/Source/Drivers/PS1080/DDK/XnCodecFactory.cpp" />
		<Unit filename="OpenNI2/Source/Drivers/PS1080/DDK/XnCodecFactory.h" />
		<Unit filename="OpenNI2/Source/Drivers/PS1080/DDK/XnDDK.cpp" />
		<Unit filename="OpenNI2/Source/Drivers/PS1080/DDK/XnDDKStatus.cpp" />
		<Unit filename="OpenNI2/Source/Drivers/PS1080/DDK/XnDepthStream.cpp" />
		<Unit filename="OpenNI2/Source/Drivers/PS1080/DDK/XnDepthStream.h" />
		<Unit filename="OpenNI2/Source/Drivers/PS1080/DDK/XnDeviceBase.cpp" />
		<Unit filename="OpenNI2/Source/Drivers/PS1080/DDK/XnDeviceBase.h" />
		<Unit filename="OpenNI2/Source/Drivers/PS1080/DDK/XnDeviceModule.cpp" />
		<Unit filename="OpenNI2/Source/Drivers/PS1080/DDK/XnDeviceModule.h" />
		<Unit filename="OpenNI2/Source/Drivers/PS1080/DDK/XnDeviceModuleHolder.cpp" />
		<Unit filename="OpenNI2/Source/Drivers/PS1080/DDK/XnDeviceModuleHolder.h" />
		<Unit filename="OpenNI2/Source/Drivers/PS1080/DDK/XnDeviceStream.cpp" />
		<Unit filename="OpenNI2/Source/Drivers/PS1080/DDK/XnDeviceStream.h" />
		<Unit filename="OpenNI2/Source/Drivers/PS1080/DDK/XnFrameBufferManager.cpp" />
		<Unit filename="OpenNI2/Source/Drivers/PS1080/DDK/XnFrameBufferManager.h" />
		<Unit filename="OpenNI2/Source/Drivers/PS1080/DDK/XnFrameStream.cpp" />
		<Unit filename="OpenNI2/Source/Drivers/PS1080/DDK/XnFrameStream.h" />
		<Unit filename="OpenNI2/Source/Drivers/PS1080/DDK/XnGeneralProperty.cpp" />
		<Unit filename="OpenNI2/Source/Drivers/PS1080/DDK/XnGeneralProperty.h" />
		<Unit filename="OpenNI2/Source/Drivers/PS1080/DDK/XnIRStream.cpp" />
		<Unit filename="OpenNI2/Source/Drivers/PS1080/DDK/XnIRStream.h" />
		<Unit filename="OpenNI2/Source/Drivers/PS1080/DDK/XnImageStream.cpp" />
		<Unit filename="OpenNI2/Source/Drivers/PS1080/DDK/XnImageStream.h" />
		<Unit filename="OpenNI2/Source/Drivers/PS1080/DDK/XnIntProperty.cpp" />
		<Unit filename="OpenNI2/Source/Drivers/PS1080/DDK/XnIntProperty.h" />
		<Unit filename="OpenNI2/Source/Drivers/PS1080/DDK/XnIntPropertySynchronizer.cpp" />
		<Unit filename="OpenNI2/Source/Drivers/PS1080/DDK/XnIntPropertySynchronizer.h" />
		<Unit filename="OpenNI2/Source/Drivers/PS1080/DDK/XnPixelStream.cpp" />
		<Unit filename="OpenNI2/Source/Drivers/PS1080/DDK/XnPixelStream.h" />
		<Unit filename="OpenNI2/Source/Drivers/PS1080/DDK/XnProperty.cpp" />
		<Unit filename="OpenNI2/Source/Drivers/PS1080/DDK/XnProperty.h" />
		<Unit filename="OpenNI2/Source/Drivers/PS1080/DDK/XnPropertySet.cpp" />
		<Unit filename="OpenNI2/Source/Drivers/PS1080/DDK/XnPropertySetInternal.h" />
		<Unit filename="OpenNI2/Source/Drivers/PS1080/DDK/XnRealProperty.cpp" />
		<Unit filename="OpenNI2/Source/Drivers/PS1080/DDK/XnRealProperty.h" />
		<Unit filename="OpenNI2/Source/Drivers/PS1080/DDK/XnShiftToDepth.cpp" />
		<Unit filename="OpenNI2/Source/Drivers/PS1080/DDK/XnShiftToDepth.h" />
		<Unit filename="OpenNI2/Source/Drivers/PS1080/DDK/XnShiftToDepthStreamHelper.cpp" />
		<Unit filename="OpenNI2/Source/Drivers/PS1080/DDK/XnShiftToDepthStreamHelper.h" />
		<Unit filename="OpenNI2/Source/Drivers/PS1080/DDK/XnStreamingStream.cpp" />
		<Unit filename="OpenNI2/Source/Drivers/PS1080/DDK/XnStreamingStream.h" />
		<Unit filename="OpenNI2/Source/Drivers/PS1080/DDK/XnStringProperty.cpp" />
		<Unit filename="OpenNI2/Source/Drivers/PS1080/DDK/XnStringProperty.h" />
		<Unit filename="OpenNI2/Source/Drivers/PS1080/DriverImpl/XnExportedOniDriver.cpp" />
		<Unit filename="OpenNI2/Source/Drivers/PS1080/DriverImpl/XnOniColorStream.cpp" />
		<Unit filename="OpenNI2/Source/Drivers/PS1080/DriverImpl/XnOniColorStream.h" />
		<Unit filename="OpenNI2/Source/Drivers/PS1080/DriverImpl/XnOniDepthStream.cpp" />
		<Unit filename="OpenNI2/Source/Drivers/PS1080/DriverImpl/XnOniDepthStream.h" />
		<Unit filename="OpenNI2/Source/Drivers/PS1080/DriverImpl/XnOniDevice.cpp" />
		<Unit filename="OpenNI2/Source/Drivers/PS1080/DriverImpl/XnOniDevice.h" />
		<Unit filename="OpenNI2/Source/Drivers/PS1080/DriverImpl/XnOniDriver.cpp" />
		<Unit filename="OpenNI2/Source/Drivers/PS1080/DriverImpl/XnOniDriver.h" />
		<Unit filename="OpenNI2/Source/Drivers/PS1080/DriverImpl/XnOniIRStream.cpp" />
		<Unit filename="OpenNI2/Source/Drivers/PS1080/DriverImpl/XnOniIRStream.h" />
		<Unit filename="OpenNI2/Source/Drivers/PS1080/DriverImpl/XnOniMapStream.cpp" />
		<Unit filename="OpenNI2/Source/Drivers/PS1080/DriverImpl/XnOniMapStream.h" />
		<Unit filename="OpenNI2/Source/Drivers/PS1080/DriverImpl/XnOniStream.cpp" />
		<Unit filename="OpenNI2/Source/Drivers/PS1080/DriverImpl/XnOniStream.h" />
		<Unit filename="OpenNI2/Source/Drivers/PS1080/Formats/Xn16zCodec.h" />
		<Unit filename="OpenNI2/Source/Drivers/PS1080/Formats/Xn16zEmbTablesCodec.h" />
		<Unit filename="OpenNI2/Source/Drivers/PS1080/Formats/Xn8zCodec.h" />
		<Unit filename="OpenNI2/Source/Drivers/PS1080/Formats/XnCodec.h" />
		<Unit filename="OpenNI2/Source/Drivers/PS1080/Formats/XnCodecBase.h" />
		<Unit filename="OpenNI2/Source/Drivers/PS1080/Formats/XnCodecs.cpp" />
		<Unit filename="OpenNI2/Source/Drivers/PS1080/Formats/XnFormats.cpp" />
		<Unit filename="OpenNI2/Source/Drivers/PS1080/Formats/XnFormats.h" />
		<Unit filename="OpenNI2/Source/Drivers/PS1080/Formats/XnFormatsMirror.cpp" />
		<Unit filename="OpenNI2/Source/Drivers/PS1080/Formats/XnFormatsStatus.cpp" />
		<Unit filename="OpenNI2/Source/Drivers/PS1080/Formats/XnJpegCodec.h" />
		<Unit filename="OpenNI2/Source/Drivers/PS1080/Formats/XnNiCodec.h" />
		<Unit filename="OpenNI2/Source/Drivers/PS1080/Formats/XnStreamCompression.cpp" />
		<Unit filename="OpenNI2/Source/Drivers/PS1080/Formats/XnStreamCompression.h" />
		<Unit filename="OpenNI2/Source/Drivers/PS1080/Formats/XnUncompressedCodec.h" />
		<Unit filename="OpenNI2/Source/Drivers/PS1080/Include/XnCommon.h" />
		<Unit filename="OpenNI2/Source/Drivers/PS1080/Include/XnCore.h" />
		<Unit filename="OpenNI2/Source/Drivers/PS1080/Include/XnDDK.h" />
		<Unit filename="OpenNI2/Source/Drivers/PS1080/Include/XnDDKStatus.h" />
		<Unit filename="OpenNI2/Source/Drivers/PS1080/Include/XnDevice.h" />
		<Unit filename="OpenNI2/Source/Drivers/PS1080/Include/XnDeviceProxy.h" />
		<Unit filename="OpenNI2/Source/Drivers/PS1080/Include/XnFormatsStatus.h" />
		<Unit filename="OpenNI2/Source/Drivers/PS1080/Include/XnIOFileStream.h" />
		<Unit filename="OpenNI2/Source/Drivers/PS1080/Include/XnIONetworkStream.h" />
		<Unit filename="OpenNI2/Source/Drivers/PS1080/Include/XnIOStream.h" />
		<Unit filename="OpenNI2/Source/Drivers/PS1080/Include/XnPlatformBC.h" />
		<Unit filename="OpenNI2/Source/Drivers/PS1080/Include/XnPropertySet.h" />
		<Unit filename="OpenNI2/Source/Drivers/PS1080/Include/XnPsVersion.h" />
		<Unit filename="OpenNI2/Source/Drivers/PS1080/Include/XnStreamFormats.h" />
		<Unit filename="OpenNI2/Source/Drivers/PS1080/Include/XnStreamParams.h" />
		<Unit filename="OpenNI2/Source/Drivers/PS1080/PS1080Console/PS1080Console.cpp" />
		<Unit filename="OpenNI2/Source/Drivers/PS1080/Sensor/Bayer.cpp" />
		<Unit filename="OpenNI2/Source/Drivers/PS1080/Sensor/Bayer.h" />
		<Unit filename="OpenNI2/Source/Drivers/PS1080/Sensor/IXnSensorStream.h" />
		<Unit filename="OpenNI2/Source/Drivers/PS1080/Sensor/Uncomp.cpp" />
		<Unit filename="OpenNI2/Source/Drivers/PS1080/Sensor/Uncomp.h" />
		<Unit filename="OpenNI2/Source/Drivers/PS1080/Sensor/XnAudioProcessor.cpp" />
		<Unit filename="OpenNI2/Source/Drivers/PS1080/Sensor/XnAudioProcessor.h" />
		<Unit filename="OpenNI2/Source/Drivers/PS1080/Sensor/XnBayerImageProcessor.cpp" />
		<Unit filename="OpenNI2/Source/Drivers/PS1080/Sensor/XnBayerImageProcessor.h" />
		<Unit filename="OpenNI2/Source/Drivers/PS1080/Sensor/XnCmosInfo.cpp" />
		<Unit filename="OpenNI2/Source/Drivers/PS1080/Sensor/XnCmosInfo.h" />
		<Unit filename="OpenNI2/Source/Drivers/PS1080/Sensor/XnDataProcessor.cpp" />
		<Unit filename="OpenNI2/Source/Drivers/PS1080/Sensor/XnDataProcessor.h" />
		<Unit filename="OpenNI2/Source/Drivers/PS1080/Sensor/XnDataProcessorHolder.cpp" />
		<Unit filename="OpenNI2/Source/Drivers/PS1080/Sensor/XnDataProcessorHolder.h" />
		<Unit filename="OpenNI2/Source/Drivers/PS1080/Sensor/XnDepthProcessor.cpp" />
		<Unit filename="OpenNI2/Source/Drivers/PS1080/Sensor/XnDepthProcessor.h" />
		<Unit filename="OpenNI2/Source/Drivers/PS1080/Sensor/XnDeviceEnumeration.cpp" />
		<Unit filename="OpenNI2/Source/Drivers/PS1080/Sensor/XnDeviceEnumeration.h" />
		<Unit filename="OpenNI2/Source/Drivers/PS1080/Sensor/XnDeviceSensor.h" />
		<Unit filename="OpenNI2/Source/Drivers/PS1080/Sensor/XnDeviceSensorIO.cpp" />
		<Unit filename="OpenNI2/Source/Drivers/PS1080/Sensor/XnDeviceSensorIO.h" />
		<Unit filename="OpenNI2/Source/Drivers/PS1080/Sensor/XnDeviceSensorInit.cpp" />
		<Unit filename="OpenNI2/Source/Drivers/PS1080/Sensor/XnDeviceSensorInit.h" />
		<Unit filename="OpenNI2/Source/Drivers/PS1080/Sensor/XnDeviceSensorProtocol.cpp" />
		<Unit filename="OpenNI2/Source/Drivers/PS1080/Sensor/XnDeviceSensorProtocol.h" />
		<Unit filename="OpenNI2/Source/Drivers/PS1080/Sensor/XnFirmwareCommands.cpp" />
		<Unit filename="OpenNI2/Source/Drivers/PS1080/Sensor/XnFirmwareCommands.h" />
		<Unit filename="OpenNI2/Source/Drivers/PS1080/Sensor/XnFirmwareInfo.cpp" />
		<Unit filename="OpenNI2/Source/Drivers/PS1080/Sensor/XnFirmwareInfo.h" />
		<Unit filename="OpenNI2/Source/Drivers/PS1080/Sensor/XnFirmwareStreams.cpp" />
		<Unit filename="OpenNI2/Source/Drivers/PS1080/Sensor/XnFirmwareStreams.h" />
		<Unit filename="OpenNI2/Source/Drivers/PS1080/Sensor/XnFirmwareTypes.h" />
		<Unit filename="OpenNI2/Source/Drivers/PS1080/Sensor/XnFrameStreamProcessor.cpp" />
		<Unit filename="OpenNI2/Source/Drivers/PS1080/Sensor/XnFrameStreamProcessor.h" />
		<Unit filename="OpenNI2/Source/Drivers/PS1080/Sensor/XnGMCDebugProcessor.cpp" />
		<Unit filename="OpenNI2/Source/Drivers/PS1080/Sensor/XnGMCDebugProcessor.h" />
		<Unit filename="OpenNI2/Source/Drivers/PS1080/Sensor/XnGeneralDebugProcessor.cpp" />
		<Unit filename="OpenNI2/Source/Drivers/PS1080/Sensor/XnGeneralDebugProcessor.h" />
		<Unit filename="OpenNI2/Source/Drivers/PS1080/Sensor/XnHostProtocol.cpp" />
		<Unit filename="OpenNI2/Source/Drivers/PS1080/Sensor/XnHostProtocol.h" />
		<Unit filename="OpenNI2/Source/Drivers/PS1080/Sensor/XnIRProcessor.cpp" />
		<Unit filename="OpenNI2/Source/Drivers/PS1080/Sensor/XnIRProcessor.h" />
		<Unit filename="OpenNI2/Source/Drivers/PS1080/Sensor/XnImageProcessor.cpp" />
		<Unit filename="OpenNI2/Source/Drivers/PS1080/Sensor/XnImageProcessor.h" />
		<Unit filename="OpenNI2/Source/Drivers/PS1080/Sensor/XnJpegImageProcessor.cpp" />
		<Unit filename="OpenNI2/Source/Drivers/PS1080/Sensor/XnJpegImageProcessor.h" />
		<Unit filename="OpenNI2/Source/Drivers/PS1080/Sensor/XnJpegToRGBImageProcessor.cpp" />
		<Unit filename="OpenNI2/Source/Drivers/PS1080/Sensor/XnJpegToRGBImageProcessor.h" />
		<Unit filename="OpenNI2/Source/Drivers/PS1080/Sensor/XnNesaDebugProcessor.cpp" />
		<Unit filename="OpenNI2/Source/Drivers/PS1080/Sensor/XnNesaDebugProcessor.h" />
		<Unit filename="OpenNI2/Source/Drivers/PS1080/Sensor/XnPSCompressedDepthProcessor.cpp" />
		<Unit filename="OpenNI2/Source/Drivers/PS1080/Sensor/XnPSCompressedDepthProcessor.h" />
		<Unit filename="OpenNI2/Source/Drivers/PS1080/Sensor/XnPSCompressedImageProcessor.cpp" />
		<Unit filename="OpenNI2/Source/Drivers/PS1080/Sensor/XnPSCompressedImageProcessor.h" />
		<Unit filename="OpenNI2/Source/Drivers/PS1080/Sensor/XnPacked11DepthProcessor.cpp" />
		<Unit filename="OpenNI2/Source/Drivers/PS1080/Sensor/XnPacked11DepthProcessor.h" />
		<Unit filename="OpenNI2/Source/Drivers/PS1080/Sensor/XnPacked12DepthProcessor.cpp" />
		<Unit filename="OpenNI2/Source/Drivers/PS1080/Sensor/XnPacked12DepthProcessor.h" />
		<Unit filename="OpenNI2/Source/Drivers/PS1080/Sensor/XnParams.h" />
		<Unit filename="OpenNI2/Source/Drivers/PS1080/Sensor/XnPassThroughImageProcessor.cpp" />
		<Unit filename="OpenNI2/Source/Drivers/PS1080/Sensor/XnPassThroughImageProcessor.h" />
		<Unit filename="OpenNI2/Source/Drivers/PS1080/Sensor/XnSensor.cpp" />
		<Unit filename="OpenNI2/Source/Drivers/PS1080/Sensor/XnSensor.h" />
		<Unit filename="OpenNI2/Source/Drivers/PS1080/Sensor/XnSensorAudioStream.cpp" />
		<Unit filename="OpenNI2/Source/Drivers/PS1080/Sensor/XnSensorAudioStream.h" />
		<Unit filename="OpenNI2/Source/Drivers/PS1080/Sensor/XnSensorDepthStream.cpp" />
		<Unit filename="OpenNI2/Source/Drivers/PS1080/Sensor/XnSensorDepthStream.h" />
		<Unit filename="OpenNI2/Source/Drivers/PS1080/Sensor/XnSensorFPS.cpp" />
		<Unit filename="OpenNI2/Source/Drivers/PS1080/Sensor/XnSensorFPS.h" />
		<Unit filename="OpenNI2/Source/Drivers/PS1080/Sensor/XnSensorFirmware.cpp" />
		<Unit filename="OpenNI2/Source/Drivers/PS1080/Sensor/XnSensorFirmware.h" />
		<Unit filename="OpenNI2/Source/Drivers/PS1080/Sensor/XnSensorFirmwareParams.cpp" />
		<Unit filename="OpenNI2/Source/Drivers/PS1080/Sensor/XnSensorFirmwareParams.h" />
		<Unit filename="OpenNI2/Source/Drivers/PS1080/Sensor/XnSensorFixedParams.cpp" />
		<Unit filename="OpenNI2/Source/Drivers/PS1080/Sensor/XnSensorFixedParams.h" />
		<Unit filename="OpenNI2/Source/Drivers/PS1080/Sensor/XnSensorIRStream.cpp" />
		<Unit filename="OpenNI2/Source/Drivers/PS1080/Sensor/XnSensorIRStream.h" />
		<Unit filename="OpenNI2/Source/Drivers/PS1080/Sensor/XnSensorImageStream.cpp" />
		<Unit filename="OpenNI2/Source/Drivers/PS1080/Sensor/XnSensorImageStream.h" />
		<Unit filename="OpenNI2/Source/Drivers/PS1080/Sensor/XnSensorStreamHelper.cpp" />
		<Unit filename="OpenNI2/Source/Drivers/PS1080/Sensor/XnSensorStreamHelper.h" />
		<Unit filename="OpenNI2/Source/Drivers/PS1080/Sensor/XnStreamProcessor.cpp" />
		<Unit filename="OpenNI2/Source/Drivers/PS1080/Sensor/XnStreamProcessor.h" />
		<Unit filename="OpenNI2/Source/Drivers/PS1080/Sensor/XnTecDebugProcessor.cpp" />
		<Unit filename="OpenNI2/Source/Drivers/PS1080/Sensor/XnTecDebugProcessor.h" />
		<Unit filename="OpenNI2/Source/Drivers/PS1080/Sensor/XnUncompressedBayerProcessor.cpp" />
		<Unit filename="OpenNI2/Source/Drivers/PS1080/Sensor/XnUncompressedBayerProcessor.h" />
		<Unit filename="OpenNI2/Source/Drivers/PS1080/Sensor/XnUncompressedDepthProcessor.cpp" />
		<Unit filename="OpenNI2/Source/Drivers/PS1080/Sensor/XnUncompressedDepthProcessor.h" />
		<Unit filename="OpenNI2/Source/Drivers/PS1080/Sensor/XnUncompressedYUV422toRGBImageProcessor.cpp" />
		<Unit filename="OpenNI2/Source/Drivers/PS1080/Sensor/XnUncompressedYUV422toRGBImageProcessor.h" />
		<Unit filename="OpenNI2/Source/Drivers/PS1080/Sensor/XnUncompressedYUYVtoRGBImageProcessor.cpp" />
		<Unit filename="OpenNI2/Source/Drivers/PS1080/Sensor/XnUncompressedYUYVtoRGBImageProcessor.h" />
		<Unit filename="OpenNI2/Source/Drivers/PS1080/Sensor/XnWavelengthCorrectionDebugProcessor.cpp" />
		<Unit filename="OpenNI2/Source/Drivers/PS1080/Sensor/XnWavelengthCorrectionDebugProcessor.h" />
		<Unit filename="OpenNI2/Source/Drivers/PS1080/Sensor/XnWholePacketProcessor.cpp" />
		<Unit filename="OpenNI2/Source/Drivers/PS1080/Sensor/XnWholePacketProcessor.h" />
		<Unit filename="OpenNI2/Source/Drivers/PS1080/Sensor/YUV.cpp" />
		<Unit filename="OpenNI2/Source/Drivers/PS1080/Sensor/YUV.h" />
		<Unit filename="OpenNI2/Source/Drivers/PS1080/XnPsVersion.h" />
		<Unit filename="OpenNI2/Source/Drivers/PSLink/DriverImpl/LinkExportedOniDriver.cpp" />
		<Unit filename="OpenNI2/Source/Drivers/PSLink/DriverImpl/LinkOniDepthStream.cpp" />
		<Unit filename="OpenNI2/Source/Drivers/PSLink/DriverImpl/LinkOniDepthStream.h" />
		<Unit filename="OpenNI2/Source/Drivers/PSLink/DriverImpl/LinkOniDevice.cpp" />
		<Unit filename="OpenNI2/Source/Drivers/PSLink/DriverImpl/LinkOniDevice.h" />
		<Unit filename="OpenNI2/Source/Drivers/PSLink/DriverImpl/LinkOniDriver.cpp" />
		<Unit filename="OpenNI2/Source/Drivers/PSLink/DriverImpl/LinkOniDriver.h" />
		<Unit filename="OpenNI2/Source/Drivers/PSLink/DriverImpl/LinkOniIRStream.cpp" />
		<Unit filename="OpenNI2/Source/Drivers/PSLink/DriverImpl/LinkOniIRStream.h" />
		<Unit filename="OpenNI2/Source/Drivers/PSLink/DriverImpl/LinkOniMapStream.cpp" />
		<Unit filename="OpenNI2/Source/Drivers/PSLink/DriverImpl/LinkOniMapStream.h" />
		<Unit filename="OpenNI2/Source/Drivers/PSLink/DriverImpl/LinkOniStream.cpp" />
		<Unit filename="OpenNI2/Source/Drivers/PSLink/DriverImpl/LinkOniStream.h" />
		<Unit filename="OpenNI2/Source/Drivers/PSLink/LinkDeviceEnumeration.cpp" />
		<Unit filename="OpenNI2/Source/Drivers/PSLink/LinkDeviceEnumeration.h" />
		<Unit filename="OpenNI2/Source/Drivers/PSLink/LinkProtoLib/IAsyncInputConnection.h" />
		<Unit filename="OpenNI2/Source/Drivers/PSLink/LinkProtoLib/IConnection.h" />
		<Unit filename="OpenNI2/Source/Drivers/PSLink/LinkProtoLib/IConnectionFactory.h" />
		<Unit filename="OpenNI2/Source/Drivers/PSLink/LinkProtoLib/ILinkOutputStream.h" />
		<Unit filename="OpenNI2/Source/Drivers/PSLink/LinkProtoLib/IOutputConnection.h" />
		<Unit filename="OpenNI2/Source/Drivers/PSLink/LinkProtoLib/ISyncIOConnection.h" />
		<Unit filename="OpenNI2/Source/Drivers/PSLink/LinkProtoLib/ISyncInputConnection.h" />
		<Unit filename="OpenNI2/Source/Drivers/PSLink/LinkProtoLib/LinkProtoLibVersion.h" />
		<Unit filename="OpenNI2/Source/Drivers/PSLink/LinkProtoLib/XnClientSocketInConnection.cpp" />
		<Unit filename="OpenNI2/Source/Drivers/PSLink/LinkProtoLib/XnClientSocketInConnection.h" />
		<Unit filename="OpenNI2/Source/Drivers/PSLink/LinkProtoLib/XnClientSyncSocketConnection.cpp" />
		<Unit filename="OpenNI2/Source/Drivers/PSLink/LinkProtoLib/XnClientSyncSocketConnection.h" />
		<Unit filename="OpenNI2/Source/Drivers/PSLink/LinkProtoLib/XnClientUSBConnectionFactory.cpp" />
		<Unit filename="OpenNI2/Source/Drivers/PSLink/LinkProtoLib/XnClientUSBConnectionFactory.h" />
		<Unit filename="OpenNI2/Source/Drivers/PSLink/LinkProtoLib/XnClientUSBControlEndpoint.cpp" />
		<Unit filename="OpenNI2/Source/Drivers/PSLink/LinkProtoLib/XnClientUSBControlEndpoint.h" />
		<Unit filename="OpenNI2/Source/Drivers/PSLink/LinkProtoLib/XnClientUSBInDataEndpoint.cpp" />
		<Unit filename="OpenNI2/Source/Drivers/PSLink/LinkProtoLib/XnClientUSBInDataEndpoint.h" />
		<Unit filename="OpenNI2/Source/Drivers/PSLink/LinkProtoLib/XnClientUSBOutDataEndpoint.cpp" />
		<Unit filename="OpenNI2/Source/Drivers/PSLink/LinkProtoLib/XnClientUSBOutDataEndpoint.h" />
		<Unit filename="OpenNI2/Source/Drivers/PSLink/LinkProtoLib/XnCyclicBuffer.h" />
		<Unit filename="OpenNI2/Source/Drivers/PSLink/LinkProtoLib/XnLink11BitS2DParser.cpp" />
		<Unit filename="OpenNI2/Source/Drivers/PSLink/LinkProtoLib/XnLink11BitS2DParser.h" />
		<Unit filename="OpenNI2/Source/Drivers/PSLink/LinkProtoLib/XnLink12BitS2DParser.cpp" />
		<Unit filename="OpenNI2/Source/Drivers/PSLink/LinkProtoLib/XnLink12BitS2DParser.h" />
		<Unit filename="OpenNI2/Source/Drivers/PSLink/LinkProtoLib/XnLink16zParser.cpp" />
		<Unit filename="OpenNI2/Source/Drivers/PSLink/LinkProtoLib/XnLink16zParser.h" />
		<Unit filename="OpenNI2/Source/Drivers/PSLink/LinkProtoLib/XnLink24zYuv422Parser.cpp" />
		<Unit filename="OpenNI2/Source/Drivers/PSLink/LinkProtoLib/XnLink24zYuv422Parser.h" />
		<Unit filename="OpenNI2/Source/Drivers/PSLink/LinkProtoLib/XnLink6BitParser.cpp" />
		<Unit filename="OpenNI2/Source/Drivers/PSLink/LinkProtoLib/XnLink6BitParser.h" />
		<Unit filename="OpenNI2/Source/Drivers/PSLink/LinkProtoLib/XnLinkContInputStream.cpp" />
		<Unit filename="OpenNI2/Source/Drivers/PSLink/LinkProtoLib/XnLinkContInputStream.h" />
		<Unit filename="OpenNI2/Source/Drivers/PSLink/LinkProtoLib/XnLinkControlEndpoint.cpp" />
		<Unit filename="OpenNI2/Source/Drivers/PSLink/LinkProtoLib/XnLinkControlEndpoint.h" />
		<Unit filename="OpenNI2/Source/Drivers/PSLink/LinkProtoLib/XnLinkFrameInputStream.cpp" />
		<Unit filename="OpenNI2/Source/Drivers/PSLink/LinkProtoLib/XnLinkFrameInputStream.h" />
		<Unit filename="OpenNI2/Source/Drivers/PSLink/LinkProtoLib/XnLinkInputDataEndpoint.cpp" />
		<Unit filename="OpenNI2/Source/Drivers/PSLink/LinkProtoLib/XnLinkInputDataEndpoint.h" />
		<Unit filename="OpenNI2/Source/Drivers/PSLink/LinkProtoLib/XnLinkInputStream.cpp" />
		<Unit filename="OpenNI2/Source/Drivers/PSLink/LinkProtoLib/XnLinkInputStream.h" />
		<Unit filename="OpenNI2/Source/Drivers/PSLink/LinkProtoLib/XnLinkInputStreamsMgr.cpp" />
		<Unit filename="OpenNI2/Source/Drivers/PSLink/LinkProtoLib/XnLinkInputStreamsMgr.h" />
		<Unit filename="OpenNI2/Source/Drivers/PSLink/LinkProtoLib/XnLinkLogParser.cpp" />
		<Unit filename="OpenNI2/Source/Drivers/PSLink/LinkProtoLib/XnLinkLogParser.h" />
		<Unit filename="OpenNI2/Source/Drivers/PSLink/LinkProtoLib/XnLinkMsgEncoder.cpp" />
		<Unit filename="OpenNI2/Source/Drivers/PSLink/LinkProtoLib/XnLinkMsgEncoder.h" />
		<Unit filename="OpenNI2/Source/Drivers/PSLink/LinkProtoLib/XnLinkMsgParser.cpp" />
		<Unit filename="OpenNI2/Source/Drivers/PSLink/LinkProtoLib/XnLinkMsgParser.h" />
		<Unit filename="OpenNI2/Source/Drivers/PSLink/LinkProtoLib/XnLinkOutputDataEndpoint.cpp" />
		<Unit filename="OpenNI2/Source/Drivers/PSLink/LinkProtoLib/XnLinkOutputDataEndpoint.h" />
		<Unit filename="OpenNI2/Source/Drivers/PSLink/LinkProtoLib/XnLinkOutputStream.cpp" />
		<Unit filename="OpenNI2/Source/Drivers/PSLink/LinkProtoLib/XnLinkOutputStream.h" />
		<Unit filename="OpenNI2/Source/Drivers/PSLink/LinkProtoLib/XnLinkOutputStreamsMgr.cpp" />
		<Unit filename="OpenNI2/Source/Drivers/PSLink/LinkProtoLib/XnLinkOutputStreamsMgr.h" />
		<Unit filename="OpenNI2/Source/Drivers/PSLink/LinkProtoLib/XnLinkPacked10BitParser.cpp" />
		<Unit filename="OpenNI2/Source/Drivers/PSLink/LinkProtoLib/XnLinkPacked10BitParser.h" />
		<Unit filename="OpenNI2/Source/Drivers/PSLink/LinkProtoLib/XnLinkProtoLibDefs.h" />
		<Unit filename="OpenNI2/Source/Drivers/PSLink/LinkProtoLib/XnLinkProtoUtils.cpp" />
		<Unit filename="OpenNI2/Source/Drivers/PSLink/LinkProtoLib/XnLinkProtoUtils.h" />
		<Unit filename="OpenNI2/Source/Drivers/PSLink/LinkProtoLib/XnLinkResponseMsgParser.cpp" />
		<Unit filename="OpenNI2/Source/Drivers/PSLink/LinkProtoLib/XnLinkResponseMsgParser.h" />
		<Unit filename="OpenNI2/Source/Drivers/PSLink/LinkProtoLib/XnLinkStatusCodes.cpp" />
		<Unit filename="OpenNI2/Source/Drivers/PSLink/LinkProtoLib/XnLinkStatusCodes.h" />
		<Unit filename="OpenNI2/Source/Drivers/PSLink/LinkProtoLib/XnLinkUnpackedDataReductionParser.cpp" />
		<Unit filename="OpenNI2/Source/Drivers/PSLink/LinkProtoLib/XnLinkUnpackedDataReductionParser.h" />
		<Unit filename="OpenNI2/Source/Drivers/PSLink/LinkProtoLib/XnLinkUnpackedS2DParser.cpp" />
		<Unit filename="OpenNI2/Source/Drivers/PSLink/LinkProtoLib/XnLinkUnpackedS2DParser.h" />
		<Unit filename="OpenNI2/Source/Drivers/PSLink/LinkProtoLib/XnLinkYuv422ToRgb888Parser.cpp" />
		<Unit filename="OpenNI2/Source/Drivers/PSLink/LinkProtoLib/XnLinkYuv422ToRgb888Parser.h" />
		<Unit filename="OpenNI2/Source/Drivers/PSLink/LinkProtoLib/XnLinkYuvToRgb.cpp" />
		<Unit filename="OpenNI2/Source/Drivers/PSLink/LinkProtoLib/XnLinkYuvToRgb.h" />
		<Unit filename="OpenNI2/Source/Drivers/PSLink/LinkProtoLib/XnMapSequenceListConverter.h" />
		<Unit filename="OpenNI2/Source/Drivers/PSLink/LinkProtoLib/XnServerSocketInConnection.cpp" />
		<Unit filename="OpenNI2/Source/Drivers/PSLink/LinkProtoLib/XnServerSocketInConnection.h" />
		<Unit filename="OpenNI2/Source/Drivers/PSLink/LinkProtoLib/XnServerUSBLinuxConnectionFactory.h" />
		<Unit filename="OpenNI2/Source/Drivers/PSLink/LinkProtoLib/XnServerUSBLinuxControlEndpoint.h" />
		<Unit filename="OpenNI2/Source/Drivers/PSLink/LinkProtoLib/XnServerUSBLinuxOutDataEndpoint.h" />
		<Unit filename="OpenNI2/Source/Drivers/PSLink/LinkProtoLib/XnShiftToDepth.cpp" />
		<Unit filename="OpenNI2/Source/Drivers/PSLink/LinkProtoLib/XnShiftToDepth.h" />
		<Unit filename="OpenNI2/Source/Drivers/PSLink/LinkProtoLib/XnSocketConnectionFactory.cpp" />
		<Unit filename="OpenNI2/Source/Drivers/PSLink/LinkProtoLib/XnSocketConnectionFactory.h" />
		<Unit filename="OpenNI2/Source/Drivers/PSLink/LinkProtoLib/XnSocketInConnection.cpp" />
		<Unit filename="OpenNI2/Source/Drivers/PSLink/LinkProtoLib/XnSocketInConnection.h" />
		<Unit filename="OpenNI2/Source/Drivers/PSLink/LinkProtoLib/XnSyncServerSocketConnection.cpp" />
		<Unit filename="OpenNI2/Source/Drivers/PSLink/LinkProtoLib/XnSyncServerSocketConnection.h" />
		<Unit filename="OpenNI2/Source/Drivers/PSLink/LinkProtoLib/XnSyncSocketConnection.cpp" />
		<Unit filename="OpenNI2/Source/Drivers/PSLink/LinkProtoLib/XnSyncSocketConnection.h" />
		<Unit filename="OpenNI2/Source/Drivers/PSLink/PS1200Device.cpp" />
		<Unit filename="OpenNI2/Source/Drivers/PSLink/PS1200Device.h" />
		<Unit filename="OpenNI2/Source/Drivers/PSLink/PSLinkConsole/PSLinkConsole.cpp" />
		<Unit filename="OpenNI2/Source/Drivers/PSLink/PrimeClient.cpp" />
		<Unit filename="OpenNI2/Source/Drivers/PSLink/PrimeClient.h" />
		<Unit filename="OpenNI2/Source/Drivers/PSLink/PrimeClientDefs.h" />
		<Unit filename="OpenNI2/Source/Drivers/PSLink/Protocols/XnLinkProto/XnLinkDefs.h" />
		<Unit filename="OpenNI2/Source/Drivers/PSLink/Protocols/XnLinkProto/XnLinkProto.h" />
		<Unit filename="OpenNI2/Source/Drivers/PSLink/XnPsVersion.h" />
		<Unit filename="OpenNI2/Source/Resources/Resource-OpenNI.h" />
		<Unit filename="OpenNI2/ThirdParty/GL/GL/gl.h" />
		<Unit filename="OpenNI2/ThirdParty/GL/GL/glext.h" />
		<Unit filename="OpenNI2/ThirdParty/GL/GL/glut.h" />
		<Unit filename="OpenNI2/ThirdParty/GL/GL/wglext.h" />
		<Unit filename="OpenNI2/ThirdParty/GL/glh/glh_array.h" />
		<Unit filename="OpenNI2/ThirdParty/GL/glh/glh_convenience.h" />
		<Unit filename="OpenNI2/ThirdParty/GL/glh/glh_cube_map.h" />
		<Unit filename="OpenNI2/ThirdParty/GL/glh/glh_extensions.h" />
		<Unit filename="OpenNI2/ThirdParty/GL/glh/glh_genext.h" />
		<Unit filename="OpenNI2/ThirdParty/GL/glh/glh_glut.h" />
		<Unit filename="OpenNI2/ThirdParty/GL/glh/glh_glut2.h" />
		<Unit filename="OpenNI2/ThirdParty/GL/glh/glh_glut_callfunc.h" />
		<Unit filename="OpenNI2/ThirdParty/GL/glh/glh_glut_replay.h" />
		<Unit filename="OpenNI2/ThirdParty/GL/glh/glh_glut_text.h" />
		<Unit filename="OpenNI2/ThirdParty/GL/glh/glh_interactors.h" />
		<Unit filename="OpenNI2/ThirdParty/GL/glh/glh_linear.h" />
		<Unit filename="OpenNI2/ThirdParty/GL/glh/glh_mipmaps.h" />
		<Unit filename="OpenNI2/ThirdParty/GL/glh/glh_obs.h" />
		<Unit filename="OpenNI2/ThirdParty/GL/glh/glh_text.h" />
		<Unit filename="OpenNI2/ThirdParty/LibJPEG/cderror.h" />
		<Unit filename="OpenNI2/ThirdParty/LibJPEG/jcapimin.c">
			<Option compilerVar="CC" />
		</Unit>
		<Unit filename="OpenNI2/ThirdParty/LibJPEG/jcapistd.c">
			<Option compilerVar="CC" />
		</Unit>
		<Unit filename="OpenNI2/ThirdParty/LibJPEG/jccoefct.c">
			<Option compilerVar="CC" />
		</Unit>
		<Unit filename="OpenNI2/ThirdParty/LibJPEG/jccolor.c">
			<Option compilerVar="CC" />
		</Unit>
		<Unit filename="OpenNI2/ThirdParty/LibJPEG/jcdctmgr.c">
			<Option compilerVar="CC" />
		</Unit>
		<Unit filename="OpenNI2/ThirdParty/LibJPEG/jchuff.c">
			<Option compilerVar="CC" />
		</Unit>
		<Unit filename="OpenNI2/ThirdParty/LibJPEG/jchuff.h" />
		<Unit filename="OpenNI2/ThirdParty/LibJPEG/jcinit.c">
			<Option compilerVar="CC" />
		</Unit>
		<Unit filename="OpenNI2/ThirdParty/LibJPEG/jcmainct.c">
			<Option compilerVar="CC" />
		</Unit>
		<Unit filename="OpenNI2/ThirdParty/LibJPEG/jcmarker.c">
			<Option compilerVar="CC" />
		</Unit>
		<Unit filename="OpenNI2/ThirdParty/LibJPEG/jcmaster.c">
			<Option compilerVar="CC" />
		</Unit>
		<Unit filename="OpenNI2/ThirdParty/LibJPEG/jcomapi.c">
			<Option compilerVar="CC" />
		</Unit>
		<Unit filename="OpenNI2/ThirdParty/LibJPEG/jconfig.h" />
		<Unit filename="OpenNI2/ThirdParty/LibJPEG/jcparam.c">
			<Option compilerVar="CC" />
		</Unit>
		<Unit filename="OpenNI2/ThirdParty/LibJPEG/jcphuff.c">
			<Option compilerVar="CC" />
		</Unit>
		<Unit filename="OpenNI2/ThirdParty/LibJPEG/jcprepct.c">
			<Option compilerVar="CC" />
		</Unit>
		<Unit filename="OpenNI2/ThirdParty/LibJPEG/jcsample.c">
			<Option compilerVar="CC" />
		</Unit>
		<Unit filename="OpenNI2/ThirdParty/LibJPEG/jctrans.c">
			<Option compilerVar="CC" />
		</Unit>
		<Unit filename="OpenNI2/ThirdParty/LibJPEG/jdapimin.c">
			<Option compilerVar="CC" />
		</Unit>
		<Unit filename="OpenNI2/ThirdParty/LibJPEG/jdapistd.c">
			<Option compilerVar="CC" />
		</Unit>
		<Unit filename="OpenNI2/ThirdParty/LibJPEG/jdatadst.c">
			<Option compilerVar="CC" />
		</Unit>
		<Unit filename="OpenNI2/ThirdParty/LibJPEG/jdatasrc.c">
			<Option compilerVar="CC" />
		</Unit>
		<Unit filename="OpenNI2/ThirdParty/LibJPEG/jdcoefct.c">
			<Option compilerVar="CC" />
		</Unit>
		<Unit filename="OpenNI2/ThirdParty/LibJPEG/jdcolor.c">
			<Option compilerVar="CC" />
		</Unit>
		<Unit filename="OpenNI2/ThirdParty/LibJPEG/jdct.h" />
		<Unit filename="OpenNI2/ThirdParty/LibJPEG/jddctmgr.c">
			<Option compilerVar="CC" />
		</Unit>
		<Unit filename="OpenNI2/ThirdParty/LibJPEG/jdhuff.c">
			<Option compilerVar="CC" />
		</Unit>
		<Unit filename="OpenNI2/ThirdParty/LibJPEG/jdhuff.h" />
		<Unit filename="OpenNI2/ThirdParty/LibJPEG/jdinput.c">
			<Option compilerVar="CC" />
		</Unit>
		<Unit filename="OpenNI2/ThirdParty/LibJPEG/jdmainct.c">
			<Option compilerVar="CC" />
		</Unit>
		<Unit filename="OpenNI2/ThirdParty/LibJPEG/jdmarker.c">
			<Option compilerVar="CC" />
		</Unit>
		<Unit filename="OpenNI2/ThirdParty/LibJPEG/jdmaster.c">
			<Option compilerVar="CC" />
		</Unit>
		<Unit filename="OpenNI2/ThirdParty/LibJPEG/jdmerge.c">
			<Option compilerVar="CC" />
		</Unit>
		<Unit filename="OpenNI2/ThirdParty/LibJPEG/jdphuff.c">
			<Option compilerVar="CC" />
		</Unit>
		<Unit filename="OpenNI2/ThirdParty/LibJPEG/jdpostct.c">
			<Option compilerVar="CC" />
		</Unit>
		<Unit filename="OpenNI2/ThirdParty/LibJPEG/jdsample.c">
			<Option compilerVar="CC" />
		</Unit>
		<Unit filename="OpenNI2/ThirdParty/LibJPEG/jdtrans.c">
			<Option compilerVar="CC" />
		</Unit>
		<Unit filename="OpenNI2/ThirdParty/LibJPEG/jerror.c">
			<Option compilerVar="CC" />
		</Unit>
		<Unit filename="OpenNI2/ThirdParty/LibJPEG/jerror.h" />
		<Unit filename="OpenNI2/ThirdParty/LibJPEG/jfdctflt.c">
			<Option compilerVar="CC" />
		</Unit>
		<Unit filename="OpenNI2/ThirdParty/LibJPEG/jfdctfst.c">
			<Option compilerVar="CC" />
		</Unit>
		<Unit filename="OpenNI2/ThirdParty/LibJPEG/jfdctint.c">
			<Option compilerVar="CC" />
		</Unit>
		<Unit filename="OpenNI2/ThirdParty/LibJPEG/jidctflt.c">
			<Option compilerVar="CC" />
		</Unit>
		<Unit filename="OpenNI2/ThirdParty/LibJPEG/jidctfst.c">
			<Option compilerVar="CC" />
		</Unit>
		<Unit filename="OpenNI2/ThirdParty/LibJPEG/jidctint.c">
			<Option compilerVar="CC" />
		</Unit>
		<Unit filename="OpenNI2/ThirdParty/LibJPEG/jidctred.c">
			<Option compilerVar="CC" />
		</Unit>
		<Unit filename="OpenNI2/ThirdParty/LibJPEG/jinclude.h" />
		<Unit filename="OpenNI2/ThirdParty/LibJPEG/jmemmgr.c">
			<Option compilerVar="CC" />
		</Unit>
		<Unit filename="OpenNI2/ThirdParty/LibJPEG/jmemnobs.c">
			<Option compilerVar="CC" />
		</Unit>
		<Unit filename="OpenNI2/ThirdParty/LibJPEG/jmemsys.h" />
		<Unit filename="OpenNI2/ThirdParty/LibJPEG/jmorecfg.h" />
		<Unit filename="OpenNI2/ThirdParty/LibJPEG/jpegint.h" />
		<Unit filename="OpenNI2/ThirdParty/LibJPEG/jpeglib.h" />
		<Unit filename="OpenNI2/ThirdParty/LibJPEG/jquant1.c">
			<Option compilerVar="CC" />
		</Unit>
		<Unit filename="OpenNI2/ThirdParty/LibJPEG/jquant2.c">
			<Option compilerVar="CC" />
		</Unit>
		<Unit filename="OpenNI2/ThirdParty/LibJPEG/jutils.c">
			<Option compilerVar="CC" />
		</Unit>
		<Unit filename="OpenNI2/ThirdParty/LibJPEG/jversion.h" />
		<Unit filename="OpenNI2/ThirdParty/PSCommon/XnLib/Driver/Win32/Build/sys/PSDrvPublic.h" />
		<Unit filename="OpenNI2/ThirdParty/PSCommon/XnLib/Include/Android-Arm/XnPlatformAndroid-Arm.h" />
		<Unit filename="OpenNI2/ThirdParty/PSCommon/XnLib/Include/Linux-Arm/XnPlatformLinux-Arm.h" />
		<Unit filename="OpenNI2/ThirdParty/PSCommon/XnLib/Include/Linux-x86/XnOSLinux-x86.h" />
		<Unit filename="OpenNI2/ThirdParty/PSCommon/XnLib/Include/Linux-x86/XnPlatformLinux-x86.h" />
		<Unit filename="OpenNI2/ThirdParty/PSCommon/XnLib/Include/MacOSX/XnOSMacOSX.h" />
		<Unit filename="OpenNI2/ThirdParty/PSCommon/XnLib/Include/MacOSX/XnPlatformMacOSX.h" />
		<Unit filename="OpenNI2/ThirdParty/PSCommon/XnLib/Include/Win32/XnOSWin32.h" />
		<Unit filename="OpenNI2/ThirdParty/PSCommon/XnLib/Include/Win32/XnPlatformWin32.h" />
		<Unit filename="OpenNI2/ThirdParty/PSCommon/XnLib/Include/Win32/usb100.h" />
		<Unit filename="OpenNI2/ThirdParty/PSCommon/XnLib/Include/XnArray.h" />
		<Unit filename="OpenNI2/ThirdParty/PSCommon/XnLib/Include/XnBitSet.h" />
		<Unit filename="OpenNI2/ThirdParty/PSCommon/XnLib/Include/XnBox3D.h" />
		<Unit filename="OpenNI2/ThirdParty/PSCommon/XnLib/Include/XnCallStackLogger.h" />
		<Unit filename="OpenNI2/ThirdParty/PSCommon/XnLib/Include/XnCallback.h" />
		<Unit filename="OpenNI2/ThirdParty/PSCommon/XnLib/Include/XnCriticalSection.h" />
		<Unit filename="OpenNI2/ThirdParty/PSCommon/XnLib/Include/XnCyclicStack.h" />
		<Unit filename="OpenNI2/ThirdParty/PSCommon/XnLib/Include/XnDataStructures.h" />
		<Unit filename="OpenNI2/ThirdParty/PSCommon/XnLib/Include/XnDump.h" />
		<Unit filename="OpenNI2/ThirdParty/PSCommon/XnLib/Include/XnDumpWriters.h" />
		<Unit filename="OpenNI2/ThirdParty/PSCommon/XnLib/Include/XnErrorLogger.h" />
		<Unit filename="OpenNI2/ThirdParty/PSCommon/XnLib/Include/XnEvent.h" />
		<Unit filename="OpenNI2/ThirdParty/PSCommon/XnLib/Include/XnFPSCalculator.h" />
		<Unit filename="OpenNI2/ThirdParty/PSCommon/XnLib/Include/XnHash.h" />
		<Unit filename="OpenNI2/ThirdParty/PSCommon/XnLib/Include/XnLib.h" />
		<Unit filename="OpenNI2/ThirdParty/PSCommon/XnLib/Include/XnList.h" />
		<Unit filename="OpenNI2/ThirdParty/PSCommon/XnLib/Include/XnLockGuard.h" />
		<Unit filename="OpenNI2/ThirdParty/PSCommon/XnLib/Include/XnLockable.h" />
		<Unit filename="OpenNI2/ThirdParty/PSCommon/XnLib/Include/XnLog.h" />
		<Unit filename="OpenNI2/ThirdParty/PSCommon/XnLib/Include/XnLogTypes.h" />
		<Unit filename="OpenNI2/ThirdParty/PSCommon/XnLib/Include/XnLogWriterBase.h" />
		<Unit filename="OpenNI2/ThirdParty/PSCommon/XnLib/Include/XnMacros.h" />
		<Unit filename="OpenNI2/ThirdParty/PSCommon/XnLib/Include/XnMath.h" />
		<Unit filename="OpenNI2/ThirdParty/PSCommon/XnLib/Include/XnMatrix3x3.h" />
		<Unit filename="OpenNI2/ThirdParty/PSCommon/XnLib/Include/XnMemory.h" />
		<Unit filename="OpenNI2/ThirdParty/PSCommon/XnLib/Include/XnOS.h" />
		<Unit filename="OpenNI2/ThirdParty/PSCommon/XnLib/Include/XnOSCpp.h" />
		<Unit filename="OpenNI2/ThirdParty/PSCommon/XnLib/Include/XnOSStrings.h" />
		<Unit filename="OpenNI2/ThirdParty/PSCommon/XnLib/Include/XnPair.h" />
		<Unit filename="OpenNI2/ThirdParty/PSCommon/XnLib/Include/XnPlatform.h" />
		<Unit filename="OpenNI2/ThirdParty/PSCommon/XnLib/Include/XnPool.h" />
		<Unit filename="OpenNI2/ThirdParty/PSCommon/XnLib/Include/XnPriorityQueue.h" />
		<Unit filename="OpenNI2/ThirdParty/PSCommon/XnLib/Include/XnProfiling.h" />
		<Unit filename="OpenNI2/ThirdParty/PSCommon/XnLib/Include/XnProperty.h" />
		<Unit filename="OpenNI2/ThirdParty/PSCommon/XnLib/Include/XnQuaternion.h" />
		<Unit filename="OpenNI2/ThirdParty/PSCommon/XnLib/Include/XnQueue.h" />
		<Unit filename="OpenNI2/ThirdParty/PSCommon/XnLib/Include/XnSIMD-Neon.h" />
		<Unit filename="OpenNI2/ThirdParty/PSCommon/XnLib/Include/XnSIMD-None.h" />
		<Unit filename="OpenNI2/ThirdParty/PSCommon/XnLib/Include/XnSIMD-SSE.h" />
		<Unit filename="OpenNI2/ThirdParty/PSCommon/XnLib/Include/XnSIMD.h" />
		<Unit filename="OpenNI2/ThirdParty/PSCommon/XnLib/Include/XnScheduler.h" />
		<Unit filename="OpenNI2/ThirdParty/PSCommon/XnLib/Include/XnSmartPointer.h" />
		<Unit filename="OpenNI2/ThirdParty/PSCommon/XnLib/Include/XnStatus.h" />
		<Unit filename="OpenNI2/ThirdParty/PSCommon/XnLib/Include/XnStatusCodes.h" />
		<Unit filename="OpenNI2/ThirdParty/PSCommon/XnLib/Include/XnStatusRegister.h" />
		<Unit filename="OpenNI2/ThirdParty/PSCommon/XnLib/Include/XnString.h" />
		<Unit filename="OpenNI2/ThirdParty/PSCommon/XnLib/Include/XnStringsHash.h" />
		<Unit filename="OpenNI2/ThirdParty/PSCommon/XnLib/Include/XnSymmetricMatrix3x3.h" />
		<Unit filename="OpenNI2/ThirdParty/PSCommon/XnLib/Include/XnThreadSafeQueue.h" />
		<Unit filename="OpenNI2/ThirdParty/PSCommon/XnLib/Include/XnUSB.h" />
		<Unit filename="OpenNI2/ThirdParty/PSCommon/XnLib/Include/XnUSBDevice.h" />
		<Unit filename="OpenNI2/ThirdParty/PSCommon/XnLib/Include/XnVector3D.h" />
		<Unit filename="OpenNI2/ThirdParty/PSCommon/XnLib/Source/Linux/XnLinuxCriticalSections.cpp" />
		<Unit filename="OpenNI2/ThirdParty/PSCommon/XnLib/Source/Linux/XnLinuxDebug.cpp" />
		<Unit filename="OpenNI2/ThirdParty/PSCommon/XnLib/Source/Linux/XnLinuxEvents.cpp" />
		<Unit filename="OpenNI2/ThirdParty/PSCommon/XnLib/Source/Linux/XnLinuxEvents.h" />
		<Unit filename="OpenNI2/ThirdParty/PSCommon/XnLib/Source/Linux/XnLinuxFiles.cpp" />
		<Unit filename="OpenNI2/ThirdParty/PSCommon/XnLib/Source/Linux/XnLinuxINI.cpp" />
		<Unit filename="OpenNI2/ThirdParty/PSCommon/XnLib/Source/Linux/XnLinuxKeyboard.cpp" />
		<Unit filename="OpenNI2/ThirdParty/PSCommon/XnLib/Source/Linux/XnLinuxMemory.cpp" />
		<Unit filename="OpenNI2/ThirdParty/PSCommon/XnLib/Source/Linux/XnLinuxMutex.cpp" />
		<Unit filename="OpenNI2/ThirdParty/PSCommon/XnLib/Source/Linux/XnLinuxNetwork.cpp" />
		<Unit filename="OpenNI2/ThirdParty/PSCommon/XnLib/Source/Linux/XnLinuxPosixEvents.cpp" />
		<Unit filename="OpenNI2/ThirdParty/PSCommon/XnLib/Source/Linux/XnLinuxPosixEvents.h" />
		<Unit filename="OpenNI2/ThirdParty/PSCommon/XnLib/Source/Linux/XnLinuxPosixNamedEvents.cpp" />
		<Unit filename="OpenNI2/ThirdParty/PSCommon/XnLib/Source/Linux/XnLinuxPosixNamedEvents.h" />
		<Unit filename="OpenNI2/ThirdParty/PSCommon/XnLib/Source/Linux/XnLinuxProcesses.cpp" />
		<Unit filename="OpenNI2/ThirdParty/PSCommon/XnLib/Source/Linux/XnLinuxSharedLibs.cpp" />
		<Unit filename="OpenNI2/ThirdParty/PSCommon/XnLib/Source/Linux/XnLinuxSharedMemory.cpp" />
		<Unit filename="OpenNI2/ThirdParty/PSCommon/XnLib/Source/Linux/XnLinuxStrings.cpp" />
		<Unit filename="OpenNI2/ThirdParty/PSCommon/XnLib/Source/Linux/XnLinuxSysVNamedEvents.cpp" />
		<Unit filename="OpenNI2/ThirdParty/PSCommon/XnLib/Source/Linux/XnLinuxSysVNamedEvents.h" />
		<Unit filename="OpenNI2/ThirdParty/PSCommon/XnLib/Source/Linux/XnLinuxThreads.cpp" />
		<Unit filename="OpenNI2/ThirdParty/PSCommon/XnLib/Source/Linux/XnLinuxTime.cpp" />
		<Unit filename="OpenNI2/ThirdParty/PSCommon/XnLib/Source/Linux/XnLinuxUSB.cpp" />
		<Unit filename="OpenNI2/ThirdParty/PSCommon/XnLib/Source/Linux/XnLinuxUSB.h" />
		<Unit filename="OpenNI2/ThirdParty/PSCommon/XnLib/Source/Linux/XnLinuxUSBDevice.cpp" />
		<Unit filename="OpenNI2/ThirdParty/PSCommon/XnLib/Source/XnDump.cpp" />
		<Unit filename="OpenNI2/ThirdParty/PSCommon/XnLib/Source/XnDumpFileWriter.cpp" />
		<Unit filename="OpenNI2/ThirdParty/PSCommon/XnLib/Source/XnDumpFileWriter.h" />
		<Unit filename="OpenNI2/ThirdParty/PSCommon/XnLib/Source/XnEnum.h" />
		<Unit filename="OpenNI2/ThirdParty/PSCommon/XnLib/Source/XnErrorLogger.cpp" />
		<Unit filename="OpenNI2/ThirdParty/PSCommon/XnLib/Source/XnFPSCalculator.cpp" />
		<Unit filename="OpenNI2/ThirdParty/PSCommon/XnLib/Source/XnFiles.cpp" />
		<Unit filename="OpenNI2/ThirdParty/PSCommon/XnLib/Source/XnLib.cpp" />
		<Unit filename="OpenNI2/ThirdParty/PSCommon/XnLib/Source/XnLog.cpp" />
		<Unit filename="OpenNI2/ThirdParty/PSCommon/XnLib/Source/XnLogAndroidWriter.cpp" />
		<Unit filename="OpenNI2/ThirdParty/PSCommon/XnLib/Source/XnLogAndroidWriter.h" />
		<Unit filename="OpenNI2/ThirdParty/PSCommon/XnLib/Source/XnLogConsoleWriter.cpp" />
		<Unit filename="OpenNI2/ThirdParty/PSCommon/XnLib/Source/XnLogConsoleWriter.h" />
		<Unit filename="OpenNI2/ThirdParty/PSCommon/XnLib/Source/XnLogFileWriter.cpp" />
		<Unit filename="OpenNI2/ThirdParty/PSCommon/XnLib/Source/XnLogFileWriter.h" />
		<Unit filename="OpenNI2/ThirdParty/PSCommon/XnLib/Source/XnOS.cpp" />
		<Unit filename="OpenNI2/ThirdParty/PSCommon/XnLib/Source/XnOSMemoryProfiling.cpp" />
		<Unit filename="OpenNI2/ThirdParty/PSCommon/XnLib/Source/XnProfiling.cpp" />
		<Unit filename="OpenNI2/ThirdParty/PSCommon/XnLib/Source/XnScheduler.cpp" />
		<Unit filename="OpenNI2/ThirdParty/PSCommon/XnLib/Source/XnStatus.cpp" />
		<Unit filename="OpenNI2/ThirdParty/PSCommon/XnLib/Source/XnStrings.cpp" />
		<Unit filename="OpenNI2/ThirdParty/PSCommon/XnLib/Source/XnSytmmetricMatrix3x3.cpp" />
		<Unit filename="OpenNI2/ThirdParty/PSCommon/XnLib/Source/XnThreads.cpp" />
		<Unit filename="OpenNI2/ThirdParty/PSCommon/XnLib/Source/XnUSB.cpp" />
		<Unit filename="OpenNI2/ThirdParty/PSCommon/XnLib/Source/XnUSBInternal.h" />
		<Unit filename="OpenNI2/ThirdParty/PSCommon/XnLib/Source/XnVector3D.cpp" />
		<Unit filename="OpenNI2/ThirdParty/PSCommon/XnLib/ThirdParty/GL/GL/gl.h" />
		<Unit filename="OpenNI2/ThirdParty/PSCommon/XnLib/ThirdParty/GL/GL/glext.h" />
		<Unit filename="OpenNI2/ThirdParty/PSCommon/XnLib/ThirdParty/GL/GL/glut.h" />
		<Unit filename="OpenNI2/ThirdParty/PSCommon/XnLib/ThirdParty/GL/GL/wglext.h" />
		<Unit filename="OpenNI2/ThirdParty/PSCommon/XnLib/ThirdParty/GL/glh/glh_array.h" />
		<Unit filename="OpenNI2/ThirdParty/PSCommon/XnLib/ThirdParty/GL/glh/glh_convenience.h" />
		<Unit filename="OpenNI2/ThirdParty/PSCommon/XnLib/ThirdParty/GL/glh/glh_cube_map.h" />
		<Unit filename="OpenNI2/ThirdParty/PSCommon/XnLib/ThirdParty/GL/glh/glh_extensions.h" />
		<Unit filename="OpenNI2/ThirdParty/PSCommon/XnLib/ThirdParty/GL/glh/glh_genext.h" />
		<Unit filename="OpenNI2/ThirdParty/PSCommon/XnLib/ThirdParty/GL/glh/glh_glut.h" />
		<Unit filename="OpenNI2/ThirdParty/PSCommon/XnLib/ThirdParty/GL/glh/glh_glut2.h" />
		<Unit filename="OpenNI2/ThirdParty/PSCommon/XnLib/ThirdParty/GL/glh/glh_glut_callfunc.h" />
		<Unit filename="OpenNI2/ThirdParty/PSCommon/XnLib/ThirdParty/GL/glh/glh_glut_replay.h" />
		<Unit filename="OpenNI2/ThirdParty/PSCommon/XnLib/ThirdParty/GL/glh/glh_glut_text.h" />
		<Unit filename="OpenNI2/ThirdParty/PSCommon/XnLib/ThirdParty/GL/glh/glh_interactors.h" />
		<Unit filename="OpenNI2/ThirdParty/PSCommon/XnLib/ThirdParty/GL/glh/glh_linear.h" />
		<Unit filename="OpenNI2/ThirdParty/PSCommon/XnLib/ThirdParty/GL/glh/glh_mipmaps.h" />
		<Unit filename="OpenNI2/ThirdParty/PSCommon/XnLib/ThirdParty/GL/glh/glh_obs.h" />
		<Unit filename="OpenNI2/ThirdParty/PSCommon/XnLib/ThirdParty/GL/glh/glh_text.h" />
		<Unit filename="OpenNI2/ThirdParty/PSCommon/XnLib/ThirdParty/libusb-1.0.9-Android/libusb/libusb-1.0.rc" />
		<Unit filename="Viewer.cpp" />
		<Unit filename="Viewer.h" />
		<Unit filename="main.cpp" />
		<Extensions>
			<code_completion />
			<debugger />
		</Extensions>
	</Project>
</CodeBlocks_project_file>
